# This file is automatically @generated by Cargo.
# It is not intended for manual editing.
version = 3

[[package]]
name = "longest_common_prefix"
version = "0.1.0"

[[package]]
name = "regular_expression_matching"
version = "0.1.0"

[[package]]
name = "roman_to_integer"
version = "0.1.0"

[[package]]
name = "valid_parentheses"
version = "0.1.0"
